
Microsoft Visual Studio Solution File, Format Version 11.00
# Visual Studio 2010
Project("{FAE04EC0-301F-11D3-BF4B-00C04F79EFBC}") = "Thirukkural", "Thirukkural\Thirukkural.csproj", "{D6AE3895-D69B-4B70-A8EE-BA41054251C6}"
EndProject
Global
	GlobalSection(SolutionConfigurationPlatforms) = preSolution
		Debug|Any CPU = Debug|Any CPU
		Release|Any CPU = Release|Any CPU
	EndGlobalSection
	GlobalSection(ProjectConfigurationPlatforms) = postSolution
		{D6AE3895-D69B-4B70-A8EE-BA41054251C6}.Debug|Any CPU.ActiveCfg = Debug|Any CPU
		{D6AE3895-D69B-4B70-A8EE-BA41054251C6}.Debug|Any CPU.Build.0 = Debug|Any CPU
		{D6AE3895-D69B-4B70-A8EE-BA41054251C6}.Debug|Any CPU.Deploy.0 = Debug|Any CPU
		{D6AE3895-D69B-4B70-A8EE-BA41054251C6}.Release|Any CPU.ActiveCfg = Release|Any CPU
		{D6AE3895-D69B-4B70-A8EE-BA41054251C6}.Release|Any CPU.Build.0 = Release|Any CPU
		{D6AE3895-D69B-4B70-A8EE-BA41054251C6}.Release|Any CPU.Deploy.0 = Release|Any CPU
	EndGlobalSection
	GlobalSection(SolutionProperties) = preSolution
		HideSolutionNode = FALSE
	EndGlobalSection
EndGlobal
